
Microsoft Visual Studio Solution File, Format Version 12.00
# Visual Studio Version 17
VisualStudioVersion = 17.4.33213.308
MinimumVisualStudioVersion = 10.0.40219.1
Project("{FAE04EC0-301F-11D3-BF4B-00C04F79EFBC}") = "crm-backend", "crm-backend\crm-backend.csproj", "{1610BB75-5CC3-4CA7-8572-808468D74AE1}"
EndProject
Global
	GlobalSection(SolutionConfigurationPlatforms) = preSolution
		Debug|Any CPU = Debug|Any CPU
		Release|Any CPU = Release|Any CPU
	EndGlobalSection
	GlobalSection(ProjectConfigurationPlatforms) = postSolution
		{1610BB75-5CC3-4CA7-8572-808468D74AE1}.Debug|Any CPU.ActiveCfg = Debug|Any CPU
		{1610BB75-5CC3-4CA7-8572-808468D74AE1}.Debug|Any CPU.Build.0 = Debug|Any CPU
		{1610BB75-5CC3-4CA7-8572-808468D74AE1}.Release|Any CPU.ActiveCfg = Release|Any CPU
		{1610BB75-5CC3-4CA7-8572-808468D74AE1}.Release|Any CPU.Build.0 = Release|Any CPU
	EndGlobalSection
	GlobalSection(SolutionProperties) = preSolution
		HideSolutionNode = FALSE
	EndGlobalSection
	GlobalSection(ExtensibilityGlobals) = postSolution
		SolutionGuid = {0E2225B2-9D01-4614-B339-62EAD6BEF0B5}
	EndGlobalSection
EndGlobal
